{
  "nodes": {
    "nixpkgs": {
      "locked": {
        "lastModified": 1674641431,
        "narHash": "sha256-qfo19qVZBP4qn5M5gXc/h1MDgAtPA5VxJm9s8RUAkVk=",
        "owner": "nixos",
        "repo": "nixpkgs",
        "rev": "9b97ad7b4330aacda9b2343396eb3df8a853b4fc",
        "type": "github"
      },
      "original": {
        "owner": "nixos",
        "repo": "nixpkgs",
        "rev": "9b97ad7b4330aacda9b2343396eb3df8a853b4fc",
        "type": "github"
      }
    },
    "root": {
      "inputs": {
        "nixpkgs": "nixpkgs",
        "rust-overlay": "rust-overlay"
      }
    },
    "rust-overlay": {
      "flake": false,
      "locked": {
        "lastModified": 1675132198,
        "narHash": "sha256-izOVjdIfdv0OzcfO9rXX0lfGkQn4tdJ0eNm3P3LYo/o=",
        "owner": "oxalica",
        "repo": "rust-overlay",
        "rev": "48b1403150c3f5a9aeee8bc4c77c8926f29c6501",
        "type": "github"
      },
      "original": {
        "owner": "oxalica",
        "repo": "rust-overlay",
        "type": "github"
      }
    }
  },
  "root": "root",
  "version": 7
}
